
Microsoft Visual Studio Solution File, Format Version 12.00
# Visual Studio Version 16
VisualStudioVersion = 16.0.30717.126
MinimumVisualStudioVersion = 10.0.40219.1
Project("{FAE04EC0-301F-11D3-BF4B-00C04F79EFBC}") = "NumberGuesser", "NumberGuesser\NumberGuesser.csproj", "{FD107B83-2C7F-435C-B173-F877A0CB482F}"
EndProject
Global
	GlobalSection(SolutionConfigurationPlatforms) = preSolution
		Debug|Any CPU = Debug|Any CPU
		Release|Any CPU = Release|Any CPU
	EndGlobalSection
	GlobalSection(ProjectConfigurationPlatforms) = postSolution
		{FD107B83-2C7F-435C-B173-F877A0CB482F}.Debug|Any CPU.ActiveCfg = Debug|Any CPU
		{FD107B83-2C7F-435C-B173-F877A0CB482F}.Debug|Any CPU.Build.0 = Debug|Any CPU
		{FD107B83-2C7F-435C-B173-F877A0CB482F}.Release|Any CPU.ActiveCfg = Release|Any CPU
		{FD107B83-2C7F-435C-B173-F877A0CB482F}.Release|Any CPU.Build.0 = Release|Any CPU
	EndGlobalSection
	GlobalSection(SolutionProperties) = preSolution
		HideSolutionNode = FALSE
	EndGlobalSection
	GlobalSection(ExtensibilityGlobals) = postSolution
		SolutionGuid = {487E867B-CA4C-4E85-976E-36D838A14F3D}
	EndGlobalSection
EndGlobal
